<?xml version="1.0" encoding="utf-8"?>
<Project ToolsVersion="4.0" xmlns="http://schemas.microsoft.com/developer/msbuild/2003">
  <ItemGroup>
    <Filter Include="리소스 파일">
      <UniqueIdentifier>{67DA6AB6-F800-4c08-8B7A-83BB121AAD01}</UniqueIdentifier>
      <Extensions>rc;ico;cur;bmp;dlg;rc2;rct;bin;rgs;gif;jpg;jpeg;jpe;resx;tiff;tif;png;wav;mfcribbon-ms</Extensions>
    </Filter>
    <Filter Include="코드">
      <UniqueIdentifier>{06a727d6-7f71-4782-aa88-2ea81a97d2de}</UniqueIdentifier>
    </Filter>
    <Filter Include="코드\Engine">
      <UniqueIdentifier>{290af930-7de7-483e-aad6-398c4eabf4a3}</UniqueIdentifier>
    </Filter>
    <Filter Include="코드\GameRogic">
      <UniqueIdentifier>{6ab92c7f-c25e-42e0-8cd8-5487612ce219}</UniqueIdentifier>
    </Filter>
    <Filter Include="코드\Engine\01.Header">
      <UniqueIdentifier>{9d1e61e2-1786-4333-add9-48d0782e112b}</UniqueIdentifier>
    </Filter>
  </ItemGroup>
  <ItemGroup>
    <ResourceCompile Include="MergeElements.rc">
      <Filter>리소스 파일</Filter>
    </ResourceCompile>
  </ItemGroup>
  <ItemGroup>
    <Image Include="small.ico">
      <Filter>리소스 파일</Filter>
    </Image>
    <Image Include="MergeElements.ico">
      <Filter>리소스 파일</Filter>
    </Image>
  </ItemGroup>
  <ItemGroup>
    <ClCompile Include="MergeElements.cpp">
      <Filter>코드\Engine</Filter>
    </ClCompile>
  </ItemGroup>
</Project>