
Microsoft Visual Studio Solution File, Format Version 12.00
# Visual Studio Version 17
VisualStudioVersion = 17.7.34202.233
MinimumVisualStudioVersion = 10.0.40219.1
Project("{8BC9CEB8-8B4A-11D0-8D11-00A0C91BC942}") = "MergeElements", "MergeElements\MergeElements.vcxproj", "{26124D0C-2FC0-492C-93ED-545C10CA206F}"
EndProject
Global
	GlobalSection(SolutionConfigurationPlatforms) = preSolution
		Debug|x64 = Debug|x64
		Debug|x86 = Debug|x86
		Release|x64 = Release|x64
		Release|x86 = Release|x86
	EndGlobalSection
	GlobalSection(ProjectConfigurationPlatforms) = postSolution
		{26124D0C-2FC0-492C-93ED-545C10CA206F}.Debug|x64.ActiveCfg = Debug|x64
		{26124D0C-2FC0-492C-93ED-545C10CA206F}.Debug|x64.Build.0 = Debug|x64
		{26124D0C-2FC0-492C-93ED-545C10CA206F}.Debug|x86.ActiveCfg = Debug|Win32
		{26124D0C-2FC0-492C-93ED-545C10CA206F}.Debug|x86.Build.0 = Debug|Win32
		{26124D0C-2FC0-492C-93ED-545C10CA206F}.Release|x64.ActiveCfg = Release|x64
		{26124D0C-2FC0-492C-93ED-545C10CA206F}.Release|x64.Build.0 = Release|x64
		{26124D0C-2FC0-492C-93ED-545C10CA206F}.Release|x86.ActiveCfg = Release|Win32
		{26124D0C-2FC0-492C-93ED-545C10CA206F}.Release|x86.Build.0 = Release|Win32
	EndGlobalSection
	GlobalSection(SolutionProperties) = preSolution
		HideSolutionNode = FALSE
	EndGlobalSection
	GlobalSection(ExtensibilityGlobals) = postSolution
		SolutionGuid = {79ED5862-E294-4DFC-9DE1-6F8BE52993CC}
	EndGlobalSection
EndGlobal
